{
  "nodes": {
    "base64-bytestring": {
      "flake": false,
      "locked": {
        "lastModified": 1587708793,
        "narHash": "sha256-QlyXcFK3flyhuDmkGRp+viBiC+UwlR/V2fSwKMdLNfU=",
        "owner": "haskell",
        "repo": "base64-bytestring",
        "rev": "6fbb78226a3a00174325ff9bbd98248fb3eb1130",
        "type": "github"
      },
      "original": {
        "owner": "haskell",
        "repo": "base64-bytestring",
        "rev": "6fbb78226a3a00174325ff9bbd98248fb3eb1130",
        "type": "github"
      }
    },
    "discord-haskell": {
      "flake": false,
      "locked": {
        "lastModified": 1675514622,
        "narHash": "sha256-juNECIvthw/4F8VOCej1nZVGzZzS83+i/z66r2EGJqs=",
        "owner": "discord-haskell",
        "repo": "discord-haskell",
        "rev": "8a82208cbb59e1ab24176a90de8b0706c08ddb31",
        "type": "github"
      },
      "original": {
        "owner": "discord-haskell",
        "repo": "discord-haskell",
        "type": "github"
      }
    },
    "flake-parts": {
      "inputs": {
        "nixpkgs": [
          "nixpkgs"
        ]
      },
      "locked": {
        "lastModified": 1663071030,
        "narHash": "sha256-vqdGU5iR2nKiSH6Z0bhNAwg/6szAicXaopv7lpMRNRg=",
        "owner": "hercules-ci",
        "repo": "flake-parts",
        "rev": "89cce5852d100df3d815c3c4a3fd39e55b3e1bfc",
        "type": "github"
      },
      "original": {
        "owner": "hercules-ci",
        "repo": "flake-parts",
        "type": "github"
      }
    },
    "haskell-flake": {
      "locked": {
        "lastModified": 1663188216,
        "narHash": "sha256-/ZuI4EUxiMge3mb1alFebLsXqqWrfgsAzeM4VfP+uAs=",
        "owner": "srid",
        "repo": "haskell-flake",
        "rev": "4c6394586f7f9f0596f4822bfe14222fcc07f813",
        "type": "github"
      },
      "original": {
        "owner": "srid",
        "repo": "haskell-flake",
        "type": "github"
      }
    },
    "nixpkgs": {
      "locked": {
        "lastModified": 1663372752,
        "narHash": "sha256-HxP/vZFDD/5Q9VEyX3VmsnCnm7vsH4IX6j/xE/+IVkc=",
        "owner": "nixos",
        "repo": "nixpkgs",
        "rev": "d9a1414346059619d9e13ab93e749bbb82e5252a",
        "type": "github"
      },
      "original": {
        "owner": "nixos",
        "ref": "nixpkgs-unstable",
        "repo": "nixpkgs",
        "type": "github"
      }
    },
    "recursion-schemes": {
      "flake": false,
      "locked": {
        "lastModified": 1661200692,
        "narHash": "sha256-8ECUV5BP65i4zUcnpGH0HoO9JpnKr8x68kTaIXAosNE=",
        "owner": "recursion-schemes",
        "repo": "recursion-schemes",
        "rev": "0fffc75a84405a650fc8f09f5848443cddc4e7ae",
        "type": "github"
      },
      "original": {
        "owner": "recursion-schemes",
        "repo": "recursion-schemes",
        "type": "github"
      }
    },
    "root": {
      "inputs": {
        "base64-bytestring": "base64-bytestring",
        "discord-haskell": "discord-haskell",
        "flake-parts": "flake-parts",
        "haskell-flake": "haskell-flake",
        "nixpkgs": "nixpkgs",
        "recursion-schemes": "recursion-schemes",
        "treefmt-flake": "treefmt-flake",
        "wuss": "wuss"
      }
    },
    "treefmt-flake": {
      "locked": {
        "lastModified": 1660850981,
        "narHash": "sha256-Y2rt0W0ZnfVgH5mnuAkU/5gJGSbjk5NbAwcuLDONHgI=",
        "owner": "srid",
        "repo": "treefmt-flake",
        "rev": "49306df9084ffbd73102e6002241e1f14812f0fe",
        "type": "github"
      },
      "original": {
        "owner": "srid",
        "repo": "treefmt-flake",
        "type": "github"
      }
    },
    "wuss": {
      "flake": false,
      "locked": {
        "lastModified": 1638244199,
        "narHash": "sha256-IPK8ILQ7RaYpnx7s36VZyvWyyvuZ+d5VZsvPbIGFCFg=",
        "owner": "tfausak",
        "repo": "wuss",
        "rev": "7cab441d443b3a829cd7e04842aff25388b8f4ef",
        "type": "github"
      },
      "original": {
        "owner": "tfausak",
        "repo": "wuss",
        "rev": "7cab441d443b3a829cd7e04842aff25388b8f4ef",
        "type": "github"
      }
    }
  },
  "root": "root",
  "version": 7
}
