{
  "nodes": {
    "base64-bytestring": {
      "flake": false,
      "locked": {
        "lastModified": 1587708793,
        "narHash": "sha256-QlyXcFK3flyhuDmkGRp+viBiC+UwlR/V2fSwKMdLNfU=",
        "owner": "haskell",
        "repo": "base64-bytestring",
        "rev": "6fbb78226a3a00174325ff9bbd98248fb3eb1130",
        "type": "github"
      },
      "original": {
        "owner": "haskell",
        "repo": "base64-bytestring",
        "rev": "6fbb78226a3a00174325ff9bbd98248fb3eb1130",
        "type": "github"
      }
    },
    "discord-haskell": {
      "flake": false,
      "locked": {
        "lastModified": 1709229617,
        "narHash": "sha256-5itzCoE53kpa1K/GSvGbL/+YHKf2JGVNtPt6rId6FWI=",
        "owner": "discord-haskell",
        "repo": "discord-haskell",
        "rev": "099fc1bc6c4f5078be1a812ad5ea473ccdaf58c4",
        "type": "github"
      },
      "original": {
        "owner": "discord-haskell",
        "repo": "discord-haskell",
        "type": "github"
      }
    },
    "flake-parts": {
      "inputs": {
        "nixpkgs-lib": "nixpkgs-lib"
      },
      "locked": {
        "lastModified": 1709336216,
        "narHash": "sha256-Dt/wOWeW6Sqm11Yh+2+t0dfEWxoMxGBvv3JpIocFl9E=",
        "owner": "hercules-ci",
        "repo": "flake-parts",
        "rev": "f7b3c975cf067e56e7cda6cb098ebe3fb4d74ca2",
        "type": "github"
      },
      "original": {
        "owner": "hercules-ci",
        "repo": "flake-parts",
        "type": "github"
      }
    },
    "haskell-flake": {
      "locked": {
        "lastModified": 1711149116,
        "narHash": "sha256-tccTtjRvxrhSJkCnmNwaPrq0DDM3UsM0uiDyW4uJXXc=",
        "owner": "srid",
        "repo": "haskell-flake",
        "rev": "6ae8a85071adfe08d70d9963c526947403c6c070",
        "type": "github"
      },
      "original": {
        "owner": "srid",
        "repo": "haskell-flake",
        "type": "github"
      }
    },
    "nixpkgs": {
      "locked": {
        "lastModified": 1711200738,
        "narHash": "sha256-dkJmk/ET/tRV4007O6kU101UEg1svUwiyk/zEEX9Tdg=",
        "owner": "nixos",
        "repo": "nixpkgs",
        "rev": "20bc93ca7b2158ebc99b8cef987a2173a81cde35",
        "type": "github"
      },
      "original": {
        "owner": "nixos",
        "ref": "nixpkgs-unstable",
        "repo": "nixpkgs",
        "type": "github"
      }
    },
    "nixpkgs-lib": {
      "locked": {
        "dir": "lib",
        "lastModified": 1709237383,
        "narHash": "sha256-cy6ArO4k5qTx+l5o+0mL9f5fa86tYUX3ozE1S+Txlds=",
        "owner": "NixOS",
        "repo": "nixpkgs",
        "rev": "1536926ef5621b09bba54035ae2bb6d806d72ac8",
        "type": "github"
      },
      "original": {
        "dir": "lib",
        "owner": "NixOS",
        "ref": "nixos-unstable",
        "repo": "nixpkgs",
        "type": "github"
      }
    },
    "recursion-schemes": {
      "flake": false,
      "locked": {
        "lastModified": 1711021282,
        "narHash": "sha256-fRqr35B2+ixkibH31J3YXsJn9NRy9uwC9At8jblggHs=",
        "owner": "recursion-schemes",
        "repo": "recursion-schemes",
        "rev": "c338f52b6f5e57fb237bc6d5a4e0f4525eea9059",
        "type": "github"
      },
      "original": {
        "owner": "recursion-schemes",
        "repo": "recursion-schemes",
        "type": "github"
      }
    },
    "root": {
      "inputs": {
        "base64-bytestring": "base64-bytestring",
        "discord-haskell": "discord-haskell",
        "flake-parts": "flake-parts",
        "haskell-flake": "haskell-flake",
        "nixpkgs": "nixpkgs",
        "recursion-schemes": "recursion-schemes",
        "treefmt-flake": "treefmt-flake",
        "wuss": "wuss"
      }
    },
    "treefmt-flake": {
      "locked": {
        "lastModified": 1669929251,
        "narHash": "sha256-+qgCD89JyZhBNF4m/HuuVrpoRoXMTl5F60mJzr3QPNM=",
        "owner": "srid",
        "repo": "treefmt-flake",
        "rev": "86341cd4a0ce21556a348fd27a4797997d27be00",
        "type": "github"
      },
      "original": {
        "owner": "srid",
        "repo": "treefmt-flake",
        "type": "github"
      }
    },
    "wuss": {
      "flake": false,
      "locked": {
        "lastModified": 1638244199,
        "narHash": "sha256-IPK8ILQ7RaYpnx7s36VZyvWyyvuZ+d5VZsvPbIGFCFg=",
        "owner": "tfausak",
        "repo": "wuss",
        "rev": "7cab441d443b3a829cd7e04842aff25388b8f4ef",
        "type": "github"
      },
      "original": {
        "owner": "tfausak",
        "repo": "wuss",
        "rev": "7cab441d443b3a829cd7e04842aff25388b8f4ef",
        "type": "github"
      }
    }
  },
  "root": "root",
  "version": 7
}
