{
  "nodes": {
    "base64-bytestring": {
      "flake": false,
      "locked": {
        "lastModified": 1587708793,
        "narHash": "sha256-QlyXcFK3flyhuDmkGRp+viBiC+UwlR/V2fSwKMdLNfU=",
        "owner": "haskell",
        "repo": "base64-bytestring",
        "rev": "6fbb78226a3a00174325ff9bbd98248fb3eb1130",
        "type": "github"
      },
      "original": {
        "owner": "haskell",
        "repo": "base64-bytestring",
        "rev": "6fbb78226a3a00174325ff9bbd98248fb3eb1130",
        "type": "github"
      }
    },
    "discord-haskell": {
      "flake": false,
      "locked": {
        "lastModified": 1681736703,
        "narHash": "sha256-KsMWAofM7mLENWXHY/7xy/v1zWCx4VWBOgVKYYzXeJ0=",
        "owner": "discord-haskell",
        "repo": "discord-haskell",
        "rev": "772876c9e5338663557720ffe6e5638469c0d24b",
        "type": "github"
      },
      "original": {
        "owner": "discord-haskell",
        "repo": "discord-haskell",
        "type": "github"
      }
    },
    "flake-parts": {
      "inputs": {
        "nixpkgs-lib": "nixpkgs-lib"
      },
      "locked": {
        "lastModified": 1680392223,
        "narHash": "sha256-n3g7QFr85lDODKt250rkZj2IFS3i4/8HBU2yKHO3tqw=",
        "owner": "hercules-ci",
        "repo": "flake-parts",
        "rev": "dcc36e45d054d7bb554c9cdab69093debd91a0b5",
        "type": "github"
      },
      "original": {
        "owner": "hercules-ci",
        "repo": "flake-parts",
        "type": "github"
      }
    },
    "haskell-flake": {
      "locked": {
        "lastModified": 1682000949,
        "narHash": "sha256-yWu5/pR7WWuXgVFDEGe6rrsHwnSAHeMGo8wGZ1jVwzs=",
        "owner": "srid",
        "repo": "haskell-flake",
        "rev": "1f801ee0bf776ae3f34e8942004fa5639c79b3a7",
        "type": "github"
      },
      "original": {
        "owner": "srid",
        "repo": "haskell-flake",
        "type": "github"
      }
    },
    "nixpkgs": {
      "locked": {
        "lastModified": 1682109806,
        "narHash": "sha256-d9g7RKNShMLboTWwukM+RObDWWpHKaqTYXB48clBWXI=",
        "owner": "nixos",
        "repo": "nixpkgs",
        "rev": "2362848adf8def2866fabbffc50462e929d7fffb",
        "type": "github"
      },
      "original": {
        "owner": "nixos",
        "ref": "nixpkgs-unstable",
        "repo": "nixpkgs",
        "type": "github"
      }
    },
    "nixpkgs-lib": {
      "locked": {
        "dir": "lib",
        "lastModified": 1680213900,
        "narHash": "sha256-cIDr5WZIj3EkKyCgj/6j3HBH4Jj1W296z7HTcWj1aMA=",
        "owner": "NixOS",
        "repo": "nixpkgs",
        "rev": "e3652e0735fbec227f342712f180f4f21f0594f2",
        "type": "github"
      },
      "original": {
        "dir": "lib",
        "owner": "NixOS",
        "ref": "nixos-unstable",
        "repo": "nixpkgs",
        "type": "github"
      }
    },
    "recursion-schemes": {
      "flake": false,
      "locked": {
        "lastModified": 1681665333,
        "narHash": "sha256-Rr1Zkdc9h/Q9DLnDGG7YhBQZDqq5tGA0NqpCA8fgoxQ=",
        "owner": "recursion-schemes",
        "repo": "recursion-schemes",
        "rev": "bd027e0df5bb95337e3ee83f34df1be09e4a6f02",
        "type": "github"
      },
      "original": {
        "owner": "recursion-schemes",
        "repo": "recursion-schemes",
        "type": "github"
      }
    },
    "root": {
      "inputs": {
        "base64-bytestring": "base64-bytestring",
        "discord-haskell": "discord-haskell",
        "flake-parts": "flake-parts",
        "haskell-flake": "haskell-flake",
        "nixpkgs": "nixpkgs",
        "recursion-schemes": "recursion-schemes",
        "treefmt-flake": "treefmt-flake",
        "wuss": "wuss"
      }
    },
    "treefmt-flake": {
      "locked": {
        "lastModified": 1669929251,
        "narHash": "sha256-+qgCD89JyZhBNF4m/HuuVrpoRoXMTl5F60mJzr3QPNM=",
        "owner": "srid",
        "repo": "treefmt-flake",
        "rev": "86341cd4a0ce21556a348fd27a4797997d27be00",
        "type": "github"
      },
      "original": {
        "owner": "srid",
        "repo": "treefmt-flake",
        "type": "github"
      }
    },
    "wuss": {
      "flake": false,
      "locked": {
        "lastModified": 1638244199,
        "narHash": "sha256-IPK8ILQ7RaYpnx7s36VZyvWyyvuZ+d5VZsvPbIGFCFg=",
        "owner": "tfausak",
        "repo": "wuss",
        "rev": "7cab441d443b3a829cd7e04842aff25388b8f4ef",
        "type": "github"
      },
      "original": {
        "owner": "tfausak",
        "repo": "wuss",
        "rev": "7cab441d443b3a829cd7e04842aff25388b8f4ef",
        "type": "github"
      }
    }
  },
  "root": "root",
  "version": 7
}
